
Microsoft Visual Studio Solution File, Format Version 11.00
# Visual C# Express 2010
Project("{FAE04EC0-301F-11D3-BF4B-00C04F79EFBC}") = "SAY", "SAY\SAY.csproj", "{0F97181E-6698-4F4F-9E7A-39D37FAAA8D2}"
EndProject
Global
	GlobalSection(SolutionConfigurationPlatforms) = preSolution
		Debug|x86 = Debug|x86
		Release|x86 = Release|x86
	EndGlobalSection
	GlobalSection(ProjectConfigurationPlatforms) = postSolution
		{0F97181E-6698-4F4F-9E7A-39D37FAAA8D2}.Debug|x86.ActiveCfg = Debug|x86
		{0F97181E-6698-4F4F-9E7A-39D37FAAA8D2}.Debug|x86.Build.0 = Debug|x86
		{0F97181E-6698-4F4F-9E7A-39D37FAAA8D2}.Release|x86.ActiveCfg = Release|x86
		{0F97181E-6698-4F4F-9E7A-39D37FAAA8D2}.Release|x86.Build.0 = Release|x86
	EndGlobalSection
	GlobalSection(SolutionProperties) = preSolution
		HideSolutionNode = FALSE
	EndGlobalSection
EndGlobal
